
Microsoft Visual Studio Solution File, Format Version 12.00
# Visual Studio Version 17
VisualStudioVersion = 17.1.32319.34
MinimumVisualStudioVersion = 10.0.40219.1
Project("{9A19103F-16F7-4668-BE54-9A1E7A4F7556}") = "BlazorTest", "BlazorTest.csproj", "{5F7D92B0-DC4D-4745-B414-C27EBA1159F6}"
EndProject
Project("{9A19103F-16F7-4668-BE54-9A1E7A4F7556}") = "DataAccessLibrary", "..\DataAccess\DataAccessLibrary.csproj", "{70B4DCF2-F211-4EBC-BCBE-C6FD4A49512C}"
EndProject
Global
	GlobalSection(SolutionConfigurationPlatforms) = preSolution
		Debug|Any CPU = Debug|Any CPU
		Release|Any CPU = Release|Any CPU
	EndGlobalSection
	GlobalSection(ProjectConfigurationPlatforms) = postSolution
		{5F7D92B0-DC4D-4745-B414-C27EBA1159F6}.Debug|Any CPU.ActiveCfg = Debug|Any CPU
		{5F7D92B0-DC4D-4745-B414-C27EBA1159F6}.Debug|Any CPU.Build.0 = Debug|Any CPU
		{5F7D92B0-DC4D-4745-B414-C27EBA1159F6}.Release|Any CPU.ActiveCfg = Release|Any CPU
		{5F7D92B0-DC4D-4745-B414-C27EBA1159F6}.Release|Any CPU.Build.0 = Release|Any CPU
		{70B4DCF2-F211-4EBC-BCBE-C6FD4A49512C}.Debug|Any CPU.ActiveCfg = Debug|Any CPU
		{70B4DCF2-F211-4EBC-BCBE-C6FD4A49512C}.Debug|Any CPU.Build.0 = Debug|Any CPU
		{70B4DCF2-F211-4EBC-BCBE-C6FD4A49512C}.Release|Any CPU.ActiveCfg = Release|Any CPU
		{70B4DCF2-F211-4EBC-BCBE-C6FD4A49512C}.Release|Any CPU.Build.0 = Release|Any CPU
	EndGlobalSection
	GlobalSection(SolutionProperties) = preSolution
		HideSolutionNode = FALSE
	EndGlobalSection
	GlobalSection(ExtensibilityGlobals) = postSolution
		SolutionGuid = {BD7B2586-9D40-477A-A197-20EC6B3D252D}
	EndGlobalSection
EndGlobal
